
Microsoft Visual Studio Solution File, Format Version 12.00
# Visual Studio Version 16
VisualStudioVersion = 16.0.29403.142
MinimumVisualStudioVersion = 10.0.40219.1
Project("{FAE04EC0-301F-11D3-BF4B-00C04F79EFBC}") = "BlogFunctions", "BlogFunctions.csproj", "{44F4A0DD-8CDB-4824-A9BE-692F8F192D44}"
EndProject
Global
	GlobalSection(SolutionConfigurationPlatforms) = preSolution
		Debug|Any CPU = Debug|Any CPU
		Release|Any CPU = Release|Any CPU
	EndGlobalSection
	GlobalSection(ProjectConfigurationPlatforms) = postSolution
		{44F4A0DD-8CDB-4824-A9BE-692F8F192D44}.Debug|Any CPU.ActiveCfg = Debug|Any CPU
		{44F4A0DD-8CDB-4824-A9BE-692F8F192D44}.Debug|Any CPU.Build.0 = Debug|Any CPU
		{44F4A0DD-8CDB-4824-A9BE-692F8F192D44}.Release|Any CPU.ActiveCfg = Release|Any CPU
		{44F4A0DD-8CDB-4824-A9BE-692F8F192D44}.Release|Any CPU.Build.0 = Release|Any CPU
	EndGlobalSection
	GlobalSection(SolutionProperties) = preSolution
		HideSolutionNode = FALSE
	EndGlobalSection
	GlobalSection(ExtensibilityGlobals) = postSolution
		SolutionGuid = {EA83B8EF-E050-4949-AB73-27FECFD00D58}
	EndGlobalSection
EndGlobal
